{
  "name": "@typescript-park/balm",
  "version": "0.0.3",
  "lockfileVersion": 3,
  "requires": true,
  "packages": {
    "": {
      "name": "@typescript-park/balm",
      "version": "0.0.3",
      "license": "ISC",
      "devDependencies": {
        "@tsconfig/recommended": "^1.0.7"
      }
    },
    "node_modules/@tsconfig/recommended": {
      "version": "1.0.7",
      "resolved": "https://registry.npmjs.org/@tsconfig/recommended/-/recommended-1.0.7.tgz",
      "integrity": "sha512-xiNMgCuoy4mCL4JTywk9XFs5xpRUcKxtWEcMR6FNMtsgewYTIgIR+nvlP4A4iRCAzRsHMnPhvTRrzp4AGcRTEA==",
      "dev": true,
      "license": "MIT"
    }
  }
}
